
Microsoft Visual Studio Solution File, Format Version 12.00
# Visual Studio Version 17
VisualStudioVersion = 17.4.33205.214
MinimumVisualStudioVersion = 10.0.40219.1
Project("{9A19103F-16F7-4668-BE54-9A1E7A4F7556}") = "GerberExporterTests", "GerberExporterTests\GerberExporterTests.csproj", "{C09A26CA-95D6-47B2-8B40-D8E3D617D77A}"
EndProject
Project("{9A19103F-16F7-4668-BE54-9A1E7A4F7556}") = "GerberExporter", "GerberExporter\GerberExporter.csproj", "{BA22D5CF-113D-4FF9-9433-85B2F93F2549}"
EndProject
Global
	GlobalSection(SolutionConfigurationPlatforms) = preSolution
		Debug|Any CPU = Debug|Any CPU
		Release|Any CPU = Release|Any CPU
	EndGlobalSection
	GlobalSection(ProjectConfigurationPlatforms) = postSolution
		{C09A26CA-95D6-47B2-8B40-D8E3D617D77A}.Debug|Any CPU.ActiveCfg = Debug|Any CPU
		{C09A26CA-95D6-47B2-8B40-D8E3D617D77A}.Debug|Any CPU.Build.0 = Debug|Any CPU
		{C09A26CA-95D6-47B2-8B40-D8E3D617D77A}.Release|Any CPU.ActiveCfg = Release|Any CPU
		{C09A26CA-95D6-47B2-8B40-D8E3D617D77A}.Release|Any CPU.Build.0 = Release|Any CPU
		{BA22D5CF-113D-4FF9-9433-85B2F93F2549}.Debug|Any CPU.ActiveCfg = Debug|Any CPU
		{BA22D5CF-113D-4FF9-9433-85B2F93F2549}.Debug|Any CPU.Build.0 = Debug|Any CPU
		{BA22D5CF-113D-4FF9-9433-85B2F93F2549}.Release|Any CPU.ActiveCfg = Release|Any CPU
		{BA22D5CF-113D-4FF9-9433-85B2F93F2549}.Release|Any CPU.Build.0 = Release|Any CPU
	EndGlobalSection
	GlobalSection(SolutionProperties) = preSolution
		HideSolutionNode = FALSE
	EndGlobalSection
	GlobalSection(ExtensibilityGlobals) = postSolution
		SolutionGuid = {BF470D6E-FF58-49E0-A466-3D320A51CDD9}
	EndGlobalSection
EndGlobal
